
Microsoft Visual Studio Solution File, Format Version 12.00
# Visual Studio Version 17
VisualStudioVersion = 17.0.31919.166
MinimumVisualStudioVersion = 10.0.40219.1
Project("{FAE04EC0-301F-11D3-BF4B-00C04F79EFBC}") = "Scheduler", "Scheduler.csproj", "{191E32E2-6F62-41F0-989D-730F66F989AB}"
EndProject
Global
	GlobalSection(SolutionConfigurationPlatforms) = preSolution
		Debug|Any CPU = Debug|Any CPU
		Release|Any CPU = Release|Any CPU
	EndGlobalSection
	GlobalSection(ProjectConfigurationPlatforms) = postSolution
		{191E32E2-6F62-41F0-989D-730F66F989AB}.Debug|Any CPU.ActiveCfg = Debug|Any CPU
		{191E32E2-6F62-41F0-989D-730F66F989AB}.Debug|Any CPU.Build.0 = Debug|Any CPU
		{191E32E2-6F62-41F0-989D-730F66F989AB}.Release|Any CPU.ActiveCfg = Release|Any CPU
		{191E32E2-6F62-41F0-989D-730F66F989AB}.Release|Any CPU.Build.0 = Release|Any CPU
	EndGlobalSection
	GlobalSection(SolutionProperties) = preSolution
		HideSolutionNode = FALSE
	EndGlobalSection
	GlobalSection(ExtensibilityGlobals) = postSolution
		SolutionGuid = {4E04D5C8-C293-48E0-82D7-530F4E1BF19E}
	EndGlobalSection
EndGlobal
